
Microsoft Visual Studio Solution File, Format Version 12.00
# Visual Studio Version 16
VisualStudioVersion = 16.0.30011.22
MinimumVisualStudioVersion = 10.0.40219.1
Project("{FAE04EC0-301F-11D3-BF4B-00C04F79EFBC}") = "Caro1", "Caro1\Caro1.csproj", "{FBA78747-F49B-4C58-BB79-F495839201C8}"
EndProject
Global
	GlobalSection(SolutionConfigurationPlatforms) = preSolution
		Debug|Any CPU = Debug|Any CPU
		Release|Any CPU = Release|Any CPU
	EndGlobalSection
	GlobalSection(ProjectConfigurationPlatforms) = postSolution
		{FBA78747-F49B-4C58-BB79-F495839201C8}.Debug|Any CPU.ActiveCfg = Debug|Any CPU
		{FBA78747-F49B-4C58-BB79-F495839201C8}.Debug|Any CPU.Build.0 = Debug|Any CPU
		{FBA78747-F49B-4C58-BB79-F495839201C8}.Release|Any CPU.ActiveCfg = Release|Any CPU
		{FBA78747-F49B-4C58-BB79-F495839201C8}.Release|Any CPU.Build.0 = Release|Any CPU
	EndGlobalSection
	GlobalSection(SolutionProperties) = preSolution
		HideSolutionNode = FALSE
	EndGlobalSection
	GlobalSection(ExtensibilityGlobals) = postSolution
		SolutionGuid = {07EEA1A8-ECE1-4F06-AE67-602D24F464AF}
	EndGlobalSection
EndGlobal
